
Microsoft Visual Studio Solution File, Format Version 12.00
# Visual Studio Version 17
VisualStudioVersion = 17.4.33110.190
MinimumVisualStudioVersion = 10.0.40219.1
Project("{9A19103F-16F7-4668-BE54-9A1E7A4F7556}") = "SeleniumDevDocumentationWebDriver", "WebDriverSetup\SeleniumDevDocumentationWebDriver.csproj", "{4A324997-0BB1-4B4C-8A69-5AFBC835FF47}"
EndProject
Project("{FAE04EC0-301F-11D3-BF4B-00C04F79EFBC}") = "Bluehost", "Bluehost\Bluehost.csproj", "{EE352A19-968E-441B-99A3-701129F71CDA}"
EndProject
Global
	GlobalSection(SolutionConfigurationPlatforms) = preSolution
		Debug|Any CPU = Debug|Any CPU
		Release|Any CPU = Release|Any CPU
	EndGlobalSection
	GlobalSection(ProjectConfigurationPlatforms) = postSolution
		{4A324997-0BB1-4B4C-8A69-5AFBC835FF47}.Debug|Any CPU.ActiveCfg = Debug|Any CPU
		{4A324997-0BB1-4B4C-8A69-5AFBC835FF47}.Debug|Any CPU.Build.0 = Debug|Any CPU
		{4A324997-0BB1-4B4C-8A69-5AFBC835FF47}.Release|Any CPU.ActiveCfg = Release|Any CPU
		{4A324997-0BB1-4B4C-8A69-5AFBC835FF47}.Release|Any CPU.Build.0 = Release|Any CPU
		{EE352A19-968E-441B-99A3-701129F71CDA}.Debug|Any CPU.ActiveCfg = Debug|Any CPU
		{EE352A19-968E-441B-99A3-701129F71CDA}.Debug|Any CPU.Build.0 = Debug|Any CPU
		{EE352A19-968E-441B-99A3-701129F71CDA}.Release|Any CPU.ActiveCfg = Release|Any CPU
		{EE352A19-968E-441B-99A3-701129F71CDA}.Release|Any CPU.Build.0 = Release|Any CPU
	EndGlobalSection
	GlobalSection(SolutionProperties) = preSolution
		HideSolutionNode = FALSE
	EndGlobalSection
	GlobalSection(ExtensibilityGlobals) = postSolution
		SolutionGuid = {F418B55A-B91A-4D84-A806-3D850781FDD3}
	EndGlobalSection
EndGlobal
