
Microsoft Visual Studio Solution File, Format Version 12.00
# Visual Studio Version 17
VisualStudioVersion = 17.4.33110.190
MinimumVisualStudioVersion = 10.0.40219.1
Project("{9A19103F-16F7-4668-BE54-9A1E7A4F7556}") = "PrintDayOfWeek", "PrintDayOfWeek.csproj", "{A79E590F-4BC3-4B3D-8FEB-4A67077E2B7F}"
EndProject
Global
	GlobalSection(SolutionConfigurationPlatforms) = preSolution
		Debug|Any CPU = Debug|Any CPU
		Release|Any CPU = Release|Any CPU
	EndGlobalSection
	GlobalSection(ProjectConfigurationPlatforms) = postSolution
		{A79E590F-4BC3-4B3D-8FEB-4A67077E2B7F}.Debug|Any CPU.ActiveCfg = Debug|Any CPU
		{A79E590F-4BC3-4B3D-8FEB-4A67077E2B7F}.Debug|Any CPU.Build.0 = Debug|Any CPU
		{A79E590F-4BC3-4B3D-8FEB-4A67077E2B7F}.Release|Any CPU.ActiveCfg = Release|Any CPU
		{A79E590F-4BC3-4B3D-8FEB-4A67077E2B7F}.Release|Any CPU.Build.0 = Release|Any CPU
	EndGlobalSection
	GlobalSection(SolutionProperties) = preSolution
		HideSolutionNode = FALSE
	EndGlobalSection
	GlobalSection(ExtensibilityGlobals) = postSolution
		SolutionGuid = {3A0079F2-A0D7-4A5E-8628-A173E0987DB1}
	EndGlobalSection
EndGlobal
