
Microsoft Visual Studio Solution File, Format Version 12.00
# Visual Studio Version 17
VisualStudioVersion = 17.4.33110.190
MinimumVisualStudioVersion = 10.0.40219.1
Project("{9A19103F-16F7-4668-BE54-9A1E7A4F7556}") = "Books", "Books.csproj", "{23F68FD7-9C7B-4251-80CD-960F97C131CF}"
EndProject
Global
	GlobalSection(SolutionConfigurationPlatforms) = preSolution
		Debug|Any CPU = Debug|Any CPU
		Release|Any CPU = Release|Any CPU
	EndGlobalSection
	GlobalSection(ProjectConfigurationPlatforms) = postSolution
		{23F68FD7-9C7B-4251-80CD-960F97C131CF}.Debug|Any CPU.ActiveCfg = Debug|Any CPU
		{23F68FD7-9C7B-4251-80CD-960F97C131CF}.Debug|Any CPU.Build.0 = Debug|Any CPU
		{23F68FD7-9C7B-4251-80CD-960F97C131CF}.Release|Any CPU.ActiveCfg = Release|Any CPU
		{23F68FD7-9C7B-4251-80CD-960F97C131CF}.Release|Any CPU.Build.0 = Release|Any CPU
	EndGlobalSection
	GlobalSection(SolutionProperties) = preSolution
		HideSolutionNode = FALSE
	EndGlobalSection
	GlobalSection(ExtensibilityGlobals) = postSolution
		SolutionGuid = {E5592880-3562-4382-B885-1FEDC1F0D9B1}
	EndGlobalSection
EndGlobal
